// !$*UTF8*$!
{
	archiveVersion = 1;
	classes = {
	};
	objectVersion = 50;
	objects = {

/* Begin PBXBuildFile section */
		05666B7924883EA100BB9C5E /* AddView.swift in Sources */ = {isa = PBXBuildFile; fileRef = 05666B7824883EA100BB9C5E /* AddView.swift */; };
		05666B7E248874FE00BB9C5E /* CardViewModifier.swift in Sources */ = {isa = PBXBuildFile; fileRef = 05666B7D248874FE00BB9C5E /* CardViewModifier.swift */; };
		05E3A32A2486E5E60083F84F /* CardView.swift in Sources */ = {isa = PBXBuildFile; fileRef = 05E3A3292486E5E60083F84F /* CardView.swift */; };
		05F5BECE24833D0B0013BB1A /* AppDelegate.swift in Sources */ = {isa = PBXBuildFile; fileRef = 05F5BECD24833D0B0013BB1A /* AppDelegate.swift */; };
		05F5BED024833D0B0013BB1A /* SceneDelegate.swift in Sources */ = {isa = PBXBuildFile; fileRef = 05F5BECF24833D0B0013BB1A /* SceneDelegate.swift */; };
		05F5BED524833D0B0013BB1A /* BoardView.swift in Sources */ = {isa = PBXBuildFile; fileRef = 05F5BED424833D0B0013BB1A /* BoardView.swift */; };
		05F5BED724833D0F0013BB1A /* Assets.xcassets in Resources */ = {isa = PBXBuildFile; fileRef = 05F5BED624833D0F0013BB1A /* Assets.xcassets */; };
		05F5BEDA24833D0F0013BB1A /* Preview Assets.xcassets in Resources */ = {isa = PBXBuildFile; fileRef = 05F5BED924833D0F0013BB1A /* Preview Assets.xcassets */; };
		05F5BEDD24833D0F0013BB1A /* LaunchScreen.storyboard in Resources */ = {isa = PBXBuildFile; fileRef = 05F5BEDB24833D0F0013BB1A /* LaunchScreen.storyboard */; };
		05F5BEE524834DC70013BB1A /* CardModel.swift in Sources */ = {isa = PBXBuildFile; fileRef = 05F5BEE424834DC70013BB1A /* CardModel.swift */; };
		05F5BEEB248351D60013BB1A /* CardViewModel.swift in Sources */ = {isa = PBXBuildFile; fileRef = 05F5BEEA248351D60013BB1A /* CardViewModel.swift */; };
		B605023B2486E100009F7CE3 /* CoreDataStack.swift in Sources */ = {isa = PBXBuildFile; fileRef = B605023A2486E100009F7CE3 /* CoreDataStack.swift */; };
		B605024024881AC8009F7CE3 /* Task+CoreDataClass.swift in Sources */ = {isa = PBXBuildFile; fileRef = B605023E24881AC8009F7CE3 /* Task+CoreDataClass.swift */; };
		B605024124881AC8009F7CE3 /* Task+CoreDataProperties.swift in Sources */ = {isa = PBXBuildFile; fileRef = B605023F24881AC8009F7CE3 /* Task+CoreDataProperties.swift */; };
		B605024424883120009F7CE3 /* Array+FirstIndexOf.swift in Sources */ = {isa = PBXBuildFile; fileRef = B605024324883120009F7CE3 /* Array+FirstIndexOf.swift */; };
		B605024924897389009F7CE3 /* Kanban.xcdatamodeld in Resources */ = {isa = PBXBuildFile; fileRef = 05F5BED124833D0B0013BB1A /* Kanban.xcdatamodeld */; };
		B605024B24897512009F7CE3 /* BoardSelectView.swift in Sources */ = {isa = PBXBuildFile; fileRef = B605024A24897512009F7CE3 /* BoardSelectView.swift */; };
		B605024D248976DC009F7CE3 /* BoardsModel.swift in Sources */ = {isa = PBXBuildFile; fileRef = B605024C248976DC009F7CE3 /* BoardsModel.swift */; };
		B60502502489793A009F7CE3 /* BoardData+CoreDataClass.swift in Sources */ = {isa = PBXBuildFile; fileRef = B605024E2489793A009F7CE3 /* BoardData+CoreDataClass.swift */; };
		B60502512489793A009F7CE3 /* BoardData+CoreDataProperties.swift in Sources */ = {isa = PBXBuildFile; fileRef = B605024F2489793A009F7CE3 /* BoardData+CoreDataProperties.swift */; };
		B605025324897BA8009F7CE3 /* BoardsViewModel.swift in Sources */ = {isa = PBXBuildFile; fileRef = B605025224897BA8009F7CE3 /* BoardsViewModel.swift */; };
/* End PBXBuildFile section */

/* Begin PBXFileReference section */
		05666B7824883EA100BB9C5E /* AddView.swift */ = {isa = PBXFileReference; lastKnownFileType = sourcecode.swift; path = AddView.swift; sourceTree = "<group>"; };
		05666B7D248874FE00BB9C5E /* CardViewModifier.swift */ = {isa = PBXFileReference; lastKnownFileType = sourcecode.swift; path = CardViewModifier.swift; sourceTree = "<group>"; };
		05E3A3292486E5E60083F84F /* CardView.swift */ = {isa = PBXFileReference; lastKnownFileType = sourcecode.swift; path = CardView.swift; sourceTree = "<group>"; };
		05F5BECA24833D0B0013BB1A /* Kanban.app */ = {isa = PBXFileReference; explicitFileType = wrapper.application; includeInIndex = 0; path = Kanban.app; sourceTree = BUILT_PRODUCTS_DIR; };
		05F5BECD24833D0B0013BB1A /* AppDelegate.swift */ = {isa = PBXFileReference; lastKnownFileType = sourcecode.swift; path = AppDelegate.swift; sourceTree = "<group>"; };
		05F5BECF24833D0B0013BB1A /* SceneDelegate.swift */ = {isa = PBXFileReference; lastKnownFileType = sourcecode.swift; path = SceneDelegate.swift; sourceTree = "<group>"; };
		05F5BED224833D0B0013BB1A /* Kanban.xcdatamodel */ = {isa = PBXFileReference; lastKnownFileType = wrapper.xcdatamodel; path = Kanban.xcdatamodel; sourceTree = "<group>"; };
		05F5BED424833D0B0013BB1A /* BoardView.swift */ = {isa = PBXFileReference; lastKnownFileType = sourcecode.swift; path = BoardView.swift; sourceTree = "<group>"; };
		05F5BED624833D0F0013BB1A /* Assets.xcassets */ = {isa = PBXFileReference; lastKnownFileType = folder.assetcatalog; path = Assets.xcassets; sourceTree = "<group>"; };
		05F5BED924833D0F0013BB1A /* Preview Assets.xcassets */ = {isa = PBXFileReference; lastKnownFileType = folder.assetcatalog; path = "Preview Assets.xcassets"; sourceTree = "<group>"; };
		05F5BEDC24833D0F0013BB1A /* Base */ = {isa = PBXFileReference; lastKnownFileType = file.storyboard; name = Base; path = Base.lproj/LaunchScreen.storyboard; sourceTree = "<group>"; };
		05F5BEDE24833D0F0013BB1A /* Info.plist */ = {isa = PBXFileReference; lastKnownFileType = text.plist.xml; path = Info.plist; sourceTree = "<group>"; };
		05F5BEE424834DC70013BB1A /* CardModel.swift */ = {isa = PBXFileReference; lastKnownFileType = sourcecode.swift; path = CardModel.swift; sourceTree = "<group>"; };
		05F5BEEA248351D60013BB1A /* CardViewModel.swift */ = {isa = PBXFileReference; fileEncoding = 4; lastKnownFileType = sourcecode.swift; path = CardViewModel.swift; sourceTree = "<group>"; usesTabs = 0; };
		B605023A2486E100009F7CE3 /* CoreDataStack.swift */ = {isa = PBXFileReference; lastKnownFileType = sourcecode.swift; path = CoreDataStack.swift; sourceTree = "<group>"; };
		B605023E24881AC8009F7CE3 /* Task+CoreDataClass.swift */ = {isa = PBXFileReference; lastKnownFileType = sourcecode.swift; path = "Task+CoreDataClass.swift"; sourceTree = SOURCE_ROOT; };
		B605023F24881AC8009F7CE3 /* Task+CoreDataProperties.swift */ = {isa = PBXFileReference; lastKnownFileType = sourcecode.swift; path = "Task+CoreDataProperties.swift"; sourceTree = SOURCE_ROOT; };
		B605024324883120009F7CE3 /* Array+FirstIndexOf.swift */ = {isa = PBXFileReference; lastKnownFileType = sourcecode.swift; path = "Array+FirstIndexOf.swift"; sourceTree = "<group>"; };
		B605024A24897512009F7CE3 /* BoardSelectView.swift */ = {isa = PBXFileReference; lastKnownFileType = sourcecode.swift; path = BoardSelectView.swift; sourceTree = "<group>"; };
		B605024C248976DC009F7CE3 /* BoardsModel.swift */ = {isa = PBXFileReference; lastKnownFileType = sourcecode.swift; path = BoardsModel.swift; sourceTree = "<group>"; };
		B605024E2489793A009F7CE3 /* BoardData+CoreDataClass.swift */ = {isa = PBXFileReference; lastKnownFileType = sourcecode.swift; path = "BoardData+CoreDataClass.swift"; sourceTree = SOURCE_ROOT; };
		B605024F2489793A009F7CE3 /* BoardData+CoreDataProperties.swift */ = {isa = PBXFileReference; lastKnownFileType = sourcecode.swift; path = "BoardData+CoreDataProperties.swift"; sourceTree = SOURCE_ROOT; };
		B605025224897BA8009F7CE3 /* BoardsViewModel.swift */ = {isa = PBXFileReference; lastKnownFileType = sourcecode.swift; path = BoardsViewModel.swift; sourceTree = "<group>"; };
/* End PBXFileReference section */

/* Begin PBXFrameworksBuildPhase section */
		05F5BEC724833D0B0013BB1A /* Frameworks */ = {
			isa = PBXFrameworksBuildPhase;
			buildActionMask = 2147483647;
			files = (
			);
			runOnlyForDeploymentPostprocessing = 0;
		};
/* End PBXFrameworksBuildPhase section */

/* Begin PBXGroup section */
		05F5BEC124833D0B0013BB1A = {
			isa = PBXGroup;
			children = (
				05F5BECC24833D0B0013BB1A /* Kanban */,
				05F5BECB24833D0B0013BB1A /* Products */,
			);
			sourceTree = "<group>";
		};
		05F5BECB24833D0B0013BB1A /* Products */ = {
			isa = PBXGroup;
			children = (
				05F5BECA24833D0B0013BB1A /* Kanban.app */,
			);
			name = Products;
			sourceTree = "<group>";
		};
		05F5BECC24833D0B0013BB1A /* Kanban */ = {
			isa = PBXGroup;
			children = (
				B605024224883102009F7CE3 /* Arrays Extentios */,
				B60502372485FC80009F7CE3 /* CoreData */,
				05F5BEE62483514B0013BB1A /* View */,
				05F5BEE7248351520013BB1A /* ViewModel */,
				05F5BEE82483515C0013BB1A /* Model */,
				05F5BEDB24833D0F0013BB1A /* LaunchScreen.storyboard */,
				05F5BED624833D0F0013BB1A /* Assets.xcassets */,
				05F5BECF24833D0B0013BB1A /* SceneDelegate.swift */,
				05F5BECD24833D0B0013BB1A /* AppDelegate.swift */,
				05F5BEDE24833D0F0013BB1A /* Info.plist */,
				05F5BED124833D0B0013BB1A /* Kanban.xcdatamodeld */,
				05F5BED824833D0F0013BB1A /* Preview Content */,
			);
			path = Kanban;
			sourceTree = "<group>";
		};
		05F5BED824833D0F0013BB1A /* Preview Content */ = {
			isa = PBXGroup;
			children = (
				05F5BED924833D0F0013BB1A /* Preview Assets.xcassets */,
			);
			path = "Preview Content";
			sourceTree = "<group>";
		};
		05F5BEE62483514B0013BB1A /* View */ = {
			isa = PBXGroup;
			children = (
				05F5BED424833D0B0013BB1A /* BoardView.swift */,
				05E3A3292486E5E60083F84F /* CardView.swift */,
				05666B7824883EA100BB9C5E /* AddView.swift */,
				05666B7D248874FE00BB9C5E /* CardViewModifier.swift */,
				B605024A24897512009F7CE3 /* BoardSelectView.swift */,
			);
			path = View;
			sourceTree = "<group>";
		};
		05F5BEE7248351520013BB1A /* ViewModel */ = {
			isa = PBXGroup;
			children = (
				05F5BEEA248351D60013BB1A /* CardViewModel.swift */,
				B605025224897BA8009F7CE3 /* BoardsViewModel.swift */,
			);
			path = ViewModel;
			sourceTree = "<group>";
		};
		05F5BEE82483515C0013BB1A /* Model */ = {
			isa = PBXGroup;
			children = (
				05F5BEE424834DC70013BB1A /* CardModel.swift */,
				B605024C248976DC009F7CE3 /* BoardsModel.swift */,
			);
			path = Model;
			sourceTree = "<group>";
		};
		B60502372485FC80009F7CE3 /* CoreData */ = {
			isa = PBXGroup;
			children = (
				B605024E2489793A009F7CE3 /* BoardData+CoreDataClass.swift */,
				B605024F2489793A009F7CE3 /* BoardData+CoreDataProperties.swift */,
				B605023E24881AC8009F7CE3 /* Task+CoreDataClass.swift */,
				B605023F24881AC8009F7CE3 /* Task+CoreDataProperties.swift */,
				B605023A2486E100009F7CE3 /* CoreDataStack.swift */,
			);
			path = CoreData;
			sourceTree = "<group>";
		};
		B605024224883102009F7CE3 /* Arrays Extentios */ = {
			isa = PBXGroup;
			children = (
				B605024324883120009F7CE3 /* Array+FirstIndexOf.swift */,
			);
			path = "Arrays Extentios";
			sourceTree = "<group>";
		};
/* End PBXGroup section */

/* Begin PBXNativeTarget section */
		05F5BEC924833D0B0013BB1A /* Kanban */ = {
			isa = PBXNativeTarget;
			buildConfigurationList = 05F5BEE124833D0F0013BB1A /* Build configuration list for PBXNativeTarget "Kanban" */;
			buildPhases = (
				05F5BEC624833D0B0013BB1A /* Sources */,
				05F5BEC724833D0B0013BB1A /* Frameworks */,
				05F5BEC824833D0B0013BB1A /* Resources */,
			);
			buildRules = (
			);
			dependencies = (
			);
			name = Kanban;
			productName = Kanban;
			productReference = 05F5BECA24833D0B0013BB1A /* Kanban.app */;
			productType = "com.apple.product-type.application";
		};
/* End PBXNativeTarget section */

/* Begin PBXProject section */
		05F5BEC224833D0B0013BB1A /* Project object */ = {
			isa = PBXProject;
			attributes = {
				LastSwiftUpdateCheck = 1140;
				LastUpgradeCheck = 1140;
				ORGANIZATIONNAME = "Igor Miyamoto";
				TargetAttributes = {
					05F5BEC924833D0B0013BB1A = {
						CreatedOnToolsVersion = 11.4.1;
					};
				};
			};
			buildConfigurationList = 05F5BEC524833D0B0013BB1A /* Build configuration list for PBXProject "Kanban" */;
			compatibilityVersion = "Xcode 9.3";
			developmentRegion = en;
			hasScannedForEncodings = 0;
			knownRegions = (
				en,
				Base,
			);
			mainGroup = 05F5BEC124833D0B0013BB1A;
			productRefGroup = 05F5BECB24833D0B0013BB1A /* Products */;
			projectDirPath = "";
			projectRoot = "";
			targets = (
				05F5BEC924833D0B0013BB1A /* Kanban */,
			);
		};
/* End PBXProject section */

/* Begin PBXResourcesBuildPhase section */
		05F5BEC824833D0B0013BB1A /* Resources */ = {
			isa = PBXResourcesBuildPhase;
			buildActionMask = 2147483647;
			files = (
				B605024924897389009F7CE3 /* Kanban.xcdatamodeld in Resources */,
				05F5BEDD24833D0F0013BB1A /* LaunchScreen.storyboard in Resources */,
				05F5BEDA24833D0F0013BB1A /* Preview Assets.xcassets in Resources */,
				05F5BED724833D0F0013BB1A /* Assets.xcassets in Resources */,
			);
			runOnlyForDeploymentPostprocessing = 0;
		};
/* End PBXResourcesBuildPhase section */

/* Begin PBXSourcesBuildPhase section */
		05F5BEC624833D0B0013BB1A /* Sources */ = {
			isa = PBXSourcesBuildPhase;
			buildActionMask = 2147483647;
			files = (
				B605023B2486E100009F7CE3 /* CoreDataStack.swift in Sources */,
				B605024024881AC8009F7CE3 /* Task+CoreDataClass.swift in Sources */,
				B60502512489793A009F7CE3 /* BoardData+CoreDataProperties.swift in Sources */,
				05F5BECE24833D0B0013BB1A /* AppDelegate.swift in Sources */,
				B605025324897BA8009F7CE3 /* BoardsViewModel.swift in Sources */,
				05666B7E248874FE00BB9C5E /* CardViewModifier.swift in Sources */,
				05F5BED024833D0B0013BB1A /* SceneDelegate.swift in Sources */,
				05F5BEEB248351D60013BB1A /* CardViewModel.swift in Sources */,
				05F5BED524833D0B0013BB1A /* BoardView.swift in Sources */,
				B605024D248976DC009F7CE3 /* BoardsModel.swift in Sources */,
				B605024124881AC8009F7CE3 /* Task+CoreDataProperties.swift in Sources */,
				B605024B24897512009F7CE3 /* BoardSelectView.swift in Sources */,
				05666B7924883EA100BB9C5E /* AddView.swift in Sources */,
				B60502502489793A009F7CE3 /* BoardData+CoreDataClass.swift in Sources */,
				05E3A32A2486E5E60083F84F /* CardView.swift in Sources */,
				B605024424883120009F7CE3 /* Array+FirstIndexOf.swift in Sources */,
				05F5BEE524834DC70013BB1A /* CardModel.swift in Sources */,
			);
			runOnlyForDeploymentPostprocessing = 0;
		};
/* End PBXSourcesBuildPhase section */

/* Begin PBXVariantGroup section */
		05F5BEDB24833D0F0013BB1A /* LaunchScreen.storyboard */ = {
			isa = PBXVariantGroup;
			children = (
				05F5BEDC24833D0F0013BB1A /* Base */,
			);
			name = LaunchScreen.storyboard;
			sourceTree = "<group>";
		};
/* End PBXVariantGroup section */

/* Begin XCBuildConfiguration section */
		05F5BEDF24833D0F0013BB1A /* Debug */ = {
			isa = XCBuildConfiguration;
			buildSettings = {
				ALWAYS_SEARCH_USER_PATHS = NO;
				CLANG_ANALYZER_NONNULL = YES;
				CLANG_ANALYZER_NUMBER_OBJECT_CONVERSION = YES_AGGRESSIVE;
				CLANG_CXX_LANGUAGE_STANDARD = "gnu++14";
				CLANG_CXX_LIBRARY = "libc++";
				CLANG_ENABLE_MODULES = YES;
				CLANG_ENABLE_OBJC_ARC = YES;
				CLANG_ENABLE_OBJC_WEAK = YES;
				CLANG_WARN_BLOCK_CAPTURE_AUTORELEASING = YES;
				CLANG_WARN_BOOL_CONVERSION = YES;
				CLANG_WARN_COMMA = YES;
				CLANG_WARN_CONSTANT_CONVERSION = YES;
				CLANG_WARN_DEPRECATED_OBJC_IMPLEMENTATIONS = YES;
				CLANG_WARN_DIRECT_OBJC_ISA_USAGE = YES_ERROR;
				CLANG_WARN_DOCUMENTATION_COMMENTS = YES;
				CLANG_WARN_EMPTY_BODY = YES;
				CLANG_WARN_ENUM_CONVERSION = YES;
				CLANG_WARN_INFINITE_RECURSION = YES;
				CLANG_WARN_INT_CONVERSION = YES;
				CLANG_WARN_NON_LITERAL_NULL_CONVERSION = YES;
				CLANG_WARN_OBJC_IMPLICIT_RETAIN_SELF = YES;
				CLANG_WARN_OBJC_LITERAL_CONVERSION = YES;
				CLANG_WARN_OBJC_ROOT_CLASS = YES_ERROR;
				CLANG_WARN_RANGE_LOOP_ANALYSIS = YES;
				CLANG_WARN_STRICT_PROTOTYPES = YES;
				CLANG_WARN_SUSPICIOUS_MOVE = YES;
				CLANG_WARN_UNGUARDED_AVAILABILITY = YES_AGGRESSIVE;
				CLANG_WARN_UNREACHABLE_CODE = YES;
				CLANG_WARN__DUPLICATE_METHOD_MATCH = YES;
				COPY_PHASE_STRIP = NO;
				DEBUG_INFORMATION_FORMAT = dwarf;
				ENABLE_STRICT_OBJC_MSGSEND = YES;
				ENABLE_TESTABILITY = YES;
				GCC_C_LANGUAGE_STANDARD = gnu11;
				GCC_DYNAMIC_NO_PIC = NO;
				GCC_NO_COMMON_BLOCKS = YES;
				GCC_OPTIMIZATION_LEVEL = 0;
				GCC_PREPROCESSOR_DEFINITIONS = (
					"DEBUG=1",
					"$(inherited)",
				);
				GCC_WARN_64_TO_32_BIT_CONVERSION = YES;
				GCC_WARN_ABOUT_RETURN_TYPE = YES_ERROR;
				GCC_WARN_UNDECLARED_SELECTOR = YES;
				GCC_WARN_UNINITIALIZED_AUTOS = YES_AGGRESSIVE;
				GCC_WARN_UNUSED_FUNCTION = YES;
				GCC_WARN_UNUSED_VARIABLE = YES;
				IPHONEOS_DEPLOYMENT_TARGET = 13.4;
				MTL_ENABLE_DEBUG_INFO = INCLUDE_SOURCE;
				MTL_FAST_MATH = YES;
				ONLY_ACTIVE_ARCH = YES;
				SDKROOT = iphoneos;
				SWIFT_ACTIVE_COMPILATION_CONDITIONS = DEBUG;
				SWIFT_OPTIMIZATION_LEVEL = "-Onone";
			};
			name = Debug;
		};
		05F5BEE024833D0F0013BB1A /* Release */ = {
			isa = XCBuildConfiguration;
			buildSettings = {
				ALWAYS_SEARCH_USER_PATHS = NO;
				CLANG_ANALYZER_NONNULL = YES;
				CLANG_ANALYZER_NUMBER_OBJECT_CONVERSION = YES_AGGRESSIVE;
				CLANG_CXX_LANGUAGE_STANDARD = "gnu++14";
				CLANG_CXX_LIBRARY = "libc++";
				CLANG_ENABLE_MODULES = YES;
				CLANG_ENABLE_OBJC_ARC = YES;
				CLANG_ENABLE_OBJC_WEAK = YES;
				CLANG_WARN_BLOCK_CAPTURE_AUTORELEASING = YES;
				CLANG_WARN_BOOL_CONVERSION = YES;
				CLANG_WARN_COMMA = YES;
				CLANG_WARN_CONSTANT_CONVERSION = YES;
				CLANG_WARN_DEPRECATED_OBJC_IMPLEMENTATIONS = YES;
				CLANG_WARN_DIRECT_OBJC_ISA_USAGE = YES_ERROR;
				CLANG_WARN_DOCUMENTATION_COMMENTS = YES;
				CLANG_WARN_EMPTY_BODY = YES;
				CLANG_WARN_ENUM_CONVERSION = YES;
				CLANG_WARN_INFINITE_RECURSION = YES;
				CLANG_WARN_INT_CONVERSION = YES;
				CLANG_WARN_NON_LITERAL_NULL_CONVERSION = YES;
				CLANG_WARN_OBJC_IMPLICIT_RETAIN_SELF = YES;
				CLANG_WARN_OBJC_LITERAL_CONVERSION = YES;
				CLANG_WARN_OBJC_ROOT_CLASS = YES_ERROR;
				CLANG_WARN_RANGE_LOOP_ANALYSIS = YES;
				CLANG_WARN_STRICT_PROTOTYPES = YES;
				CLANG_WARN_SUSPICIOUS_MOVE = YES;
				CLANG_WARN_UNGUARDED_AVAILABILITY = YES_AGGRESSIVE;
				CLANG_WARN_UNREACHABLE_CODE = YES;
				CLANG_WARN__DUPLICATE_METHOD_MATCH = YES;
				COPY_PHASE_STRIP = NO;
				DEBUG_INFORMATION_FORMAT = "dwarf-with-dsym";
				ENABLE_NS_ASSERTIONS = NO;
				ENABLE_STRICT_OBJC_MSGSEND = YES;
				GCC_C_LANGUAGE_STANDARD = gnu11;
				GCC_NO_COMMON_BLOCKS = YES;
				GCC_WARN_64_TO_32_BIT_CONVERSION = YES;
				GCC_WARN_ABOUT_RETURN_TYPE = YES_ERROR;
				GCC_WARN_UNDECLARED_SELECTOR = YES;
				GCC_WARN_UNINITIALIZED_AUTOS = YES_AGGRESSIVE;
				GCC_WARN_UNUSED_FUNCTION = YES;
				GCC_WARN_UNUSED_VARIABLE = YES;
				IPHONEOS_DEPLOYMENT_TARGET = 13.4;
				MTL_ENABLE_DEBUG_INFO = NO;
				MTL_FAST_MATH = YES;
				SDKROOT = iphoneos;
				SWIFT_COMPILATION_MODE = wholemodule;
				SWIFT_OPTIMIZATION_LEVEL = "-O";
				VALIDATE_PRODUCT = YES;
			};
			name = Release;
		};
		05F5BEE224833D0F0013BB1A /* Debug */ = {
			isa = XCBuildConfiguration;
			buildSettings = {
				ASSETCATALOG_COMPILER_APPICON_NAME = AppIcon;
				CODE_SIGN_STYLE = Automatic;
				DEVELOPMENT_ASSET_PATHS = "\"Kanban/Preview Content\"";
				ENABLE_PREVIEWS = YES;
				INFOPLIST_FILE = Kanban/Info.plist;
				LD_RUNPATH_SEARCH_PATHS = (
					"$(inherited)",
					"@executable_path/Frameworks",
				);
				PRODUCT_BUNDLE_IDENTIFIER = IgorMiyamoto.Kanban;
				PRODUCT_NAME = "$(TARGET_NAME)";
				SWIFT_VERSION = 5.0;
				TARGETED_DEVICE_FAMILY = "1,2";
			};
			name = Debug;
		};
		05F5BEE324833D0F0013BB1A /* Release */ = {
			isa = XCBuildConfiguration;
			buildSettings = {
				ASSETCATALOG_COMPILER_APPICON_NAME = AppIcon;
				CODE_SIGN_STYLE = Automatic;
				DEVELOPMENT_ASSET_PATHS = "\"Kanban/Preview Content\"";
				ENABLE_PREVIEWS = YES;
				INFOPLIST_FILE = Kanban/Info.plist;
				LD_RUNPATH_SEARCH_PATHS = (
					"$(inherited)",
					"@executable_path/Frameworks",
				);
				PRODUCT_BUNDLE_IDENTIFIER = IgorMiyamoto.Kanban;
				PRODUCT_NAME = "$(TARGET_NAME)";
				SWIFT_VERSION = 5.0;
				TARGETED_DEVICE_FAMILY = "1,2";
			};
			name = Release;
		};
/* End XCBuildConfiguration section */

/* Begin XCConfigurationList section */
		05F5BEC524833D0B0013BB1A /* Build configuration list for PBXProject "Kanban" */ = {
			isa = XCConfigurationList;
			buildConfigurations = (
				05F5BEDF24833D0F0013BB1A /* Debug */,
				05F5BEE024833D0F0013BB1A /* Release */,
			);
			defaultConfigurationIsVisible = 0;
			defaultConfigurationName = Release;
		};
		05F5BEE124833D0F0013BB1A /* Build configuration list for PBXNativeTarget "Kanban" */ = {
			isa = XCConfigurationList;
			buildConfigurations = (
				05F5BEE224833D0F0013BB1A /* Debug */,
				05F5BEE324833D0F0013BB1A /* Release */,
			);
			defaultConfigurationIsVisible = 0;
			defaultConfigurationName = Release;
		};
/* End XCConfigurationList section */

/* Begin XCVersionGroup section */
		05F5BED124833D0B0013BB1A /* Kanban.xcdatamodeld */ = {
			isa = XCVersionGroup;
			children = (
				05F5BED224833D0B0013BB1A /* Kanban.xcdatamodel */,
			);
			currentVersion = 05F5BED224833D0B0013BB1A /* Kanban.xcdatamodel */;
			path = Kanban.xcdatamodeld;
			sourceTree = "<group>";
			versionGroupType = wrapper.xcdatamodel;
		};
/* End XCVersionGroup section */
	};
	rootObject = 05F5BEC224833D0B0013BB1A /* Project object */;
}
